{
  "version": 1,
  "dependencies": {
    "net8.0-windows7.0": {
      "LiveChartsCore.SkiaSharpView.WinForms": {
        "type": "Direct",
        "requested": "[2.0.0-rc5.4, )",
        "resolved": "2.0.0-rc5.4",
        "contentHash": "620/ZcHt4gaDfeAjKd/dWc9TJvBwku+A5Go8dbEKyAZCCW1x4o2IpNf2RvnYw3El6aDCcPtQMd9YIEw8fEhS2g==",
        "dependencies": {
          "LiveChartsCore.SkiaSharpView": "2.0.0-rc5.4",
          "SkiaSharp.HarfBuzz": "3.116.1",
          "SkiaSharp.Views.WindowsForms": "3.116.1"
        }
      },
      "Newtonsoft.Json": {
        "type": "Direct",
        "requested": "[13.0.3, )",
        "resolved": "13.0.3",
        "contentHash": "HrC5BXdl00IP9zeV+0Z848QWPAoCr9P3bDEZguI+gkLcBKAOxix/tLEAAHC+UvDNPv4a2d18lOReHMOagPa+zQ=="
      },
      "SkiaSharp.Views.WindowsForms": {
        "type": "Direct",
        "requested": "[3.116.1, )",
        "resolved": "3.116.1",
        "contentHash": "0Xa0oOQ0OE2A/mYQJGmQD0a4OBUpqdBwmnKATLdK57L/NRkVqe0jmNvhCscAz48P88hJQsJJ+UrMHRJ/Pl+yMA==",
        "dependencies": {
          "OpenTK": "3.1.0",
          "OpenTK.GLControl": "3.1.0",
          "SkiaSharp": "3.116.1",
          "SkiaSharp.Views.Desktop.Common": "3.116.1"
        }
      },
      "Syncfusion.Chart.Windows": {
        "type": "Direct",
        "requested": "[26.1.42, )",
        "resolved": "26.1.42",
        "contentHash": "9YwspXZksK3+dQEo26BT/tRyRnfxbB7tNc+M6+sxN0yU+kE/M8mipe4nsoKQTNh77ddwjhzYgggJeqwkbxAfTQ==",
        "dependencies": {
          "Syncfusion.Chart.Base": "26.1.42",
          "Syncfusion.Grouping.Base": "26.1.42",
          "Syncfusion.Licensing": "26.1.42",
          "Syncfusion.Shared.Base": "26.1.42"
        }
      },
      "Syncfusion.SfDataGrid.WinForms": {
        "type": "Direct",
        "requested": "[26.1.42, )",
        "resolved": "26.1.42",
        "contentHash": "rTl8e/HrI5ghu7Xwzbbt68/CiWaKK1kcXXfGbXDUDHWPkm9+RYjUJPriF6EibYFtgRhGx+xkx4/R7ZpPPkeOFQ==",
        "dependencies": {
          "Syncfusion.Core.WinForms": "26.1.42",
          "Syncfusion.Data.WinForms": "26.1.42",
          "Syncfusion.GridCommon.WinForms": "26.1.42",
          "Syncfusion.Licensing": "26.1.42",
          "Syncfusion.SfInput.WinForms": "26.1.42",
          "Syncfusion.SfListView.WinForms": "26.1.42",
          "Syncfusion.Shared.Base": "26.1.42"
        }
      },
      "Syncfusion.Tools.Windows": {
        "type": "Direct",
        "requested": "[26.1.42, )",
        "resolved": "26.1.42",
        "contentHash": "sjr+d3Yyg88zBZiaJUsAVyOevTARk9dXKGeWO2ocVJotiFTOfX2EH57r+cQzxAqZAkFUjXdebq9hvbpmVMQifA==",
        "dependencies": {
          "Microsoft.WinForms.Designer.SDK": "1.6.0",
          "Syncfusion.Grid.Windows": "26.1.42",
          "Syncfusion.Licensing": "26.1.42",
          "Syncfusion.Shared.Base": "26.1.42",
          "Syncfusion.Shared.Windows": "26.1.42",
          "Syncfusion.SpellChecker.Base": "26.1.42",
          "Syncfusion.Tools.Base": "26.1.42"
        }
      },
      "System.Data.SqlClient": {
        "type": "Direct",
        "requested": "[4.8.6, )",
        "resolved": "4.8.6",
        "contentHash": "2Ij/LCaTQRyAi5lAv7UUTV9R2FobC8xN9mE0fXBZohum/xLl8IZVmE98Rq5ugQHjCgTBRKqpXRb4ORulRdA6Ig==",
        "dependencies": {
          "Microsoft.Win32.Registry": "4.7.0",
          "System.Security.Principal.Windows": "4.7.0",
          "runtime.native.System.Data.SqlClient.sni": "4.7.0"
        }
      },
      "HarfBuzzSharp": {
        "type": "Transitive",
        "resolved": "8.3.0.1",
        "contentHash": "rwLpl+W6uqu0DuvzqNhTMuFcXfy1Vc0uq0YXgPEmtTSfeUSAye1FcARrm2YIPOSiCBwBOGu3cLvMX5Fp6OKe2g==",
        "dependencies": {
          "HarfBuzzSharp.NativeAssets.Win32": "8.3.0.1",
          "HarfBuzzSharp.NativeAssets.macOS": "8.3.0.1"
        }
      },
      "HarfBuzzSharp.NativeAssets.macOS": {
        "type": "Transitive",
        "resolved": "8.3.0.1",
        "contentHash": "2o6U05LAmK+rwX7TvmJ2X0anXJG2hSE7kHVmCshhHy0tKfByJ5ykBacvhmmooHchlOwq15KBZeROGafCT8nN+g=="
      },
      "HarfBuzzSharp.NativeAssets.Win32": {
        "type": "Transitive",
        "resolved": "8.3.0.1",
        "contentHash": "ow0DtGEUjo65qhiI22of7qiVbN1xDFsZ5P5xJljRmGZ5WSxNy+1batLNJFGxahqhB1MTHYV8kAXf0GqC8WaevQ=="
      },
      "LiveChartsCore": {
        "type": "Transitive",
        "resolved": "2.0.0-rc5.4",
        "contentHash": "1hEEvMndEP5urodx+Epu2lwvJr0ZG246FR7jMYtE9/snYwbUKoItq6a4cTzyeyFPi9fcBsjtgwAWA8uL/2s73g=="
      },
      "LiveChartsCore.SkiaSharpView": {
        "type": "Transitive",
        "resolved": "2.0.0-rc5.4",
        "contentHash": "lpylapUJHvAagM4pmcwCvx3ObfL2FlITtI0u8LkKlLEnzhJYg17Tcxcgd6R/mItQlCdICG0PFDVNUDnZEwhFuw==",
        "dependencies": {
          "LiveChartsCore": "2.0.0-rc5.4",
          "SkiaSharp": "2.88.9",
          "SkiaSharp.HarfBuzz": "2.88.9"
        }
      },
      "Microsoft.NETCore.Platforms": {
        "type": "Transitive",
        "resolved": "3.1.0",
        "contentHash": "z7aeg8oHln2CuNulfhiLYxCVMPEwBl3rzicjvIX+4sUuCwvXw5oXQEtbiU2c0z4qYL5L3Kmx0mMA/+t/SbY67w=="
      },
      "Microsoft.Win32.Registry": {
        "type": "Transitive",
        "resolved": "4.7.0",
        "contentHash": "KSrRMb5vNi0CWSGG1++id2ZOs/1QhRqROt+qgbEAdQuGjGrFcl4AOl4/exGPUYz2wUnU42nvJqon1T3U0kPXLA==",
        "dependencies": {
          "System.Security.AccessControl": "4.7.0",
          "System.Security.Principal.Windows": "4.7.0"
        }
      },
      "Microsoft.WinForms.Designer.SDK": {
        "type": "Transitive",
        "resolved": "1.6.0",
        "contentHash": "BDIY84GbvQ4ensnD1zuZUmWIypl2muqUm4SM9qZ48OmaN8G5dmos38Dt35aEzMy0sN2Ci6UaJPiY1gwmw5eo7A==",
        "dependencies": {
          "System.CodeDom": "4.6.0",
          "System.Composition": "6.0.0"
        }
      },
      "OpenTK": {
        "type": "Transitive",
        "resolved": "3.1.0",
        "contentHash": "xoP5kb81lRSY5RzbntaFA9yXK+aGF5SLShhns55MyZtxtNafIxRH5KvRTFss/N653brTzE+AfepjKsbMexYlBQ=="
      },
      "OpenTK.GLControl": {
        "type": "Transitive",
        "resolved": "3.1.0",
        "contentHash": "BjDzF+MhJd2LaZYzkXmgkzzXgHAko/Iur4rGy6+DPdZA1Jcc0X6jXZ6QsUsjlLRNzgevO7uAj2h1TqX7sguaYg==",
        "dependencies": {
          "OpenTK": "3.1.0"
        }
      },
      "runtime.native.System.Data.SqlClient.sni": {
        "type": "Transitive",
        "resolved": "4.7.0",
        "contentHash": "9kyFSIdN3T0qjDQ2R0HRXYIhS3l5psBzQi6qqhdLz+SzFyEy4sVxNOke+yyYv8Cu8rPER12c3RDjLT8wF3WBYQ==",
        "dependencies": {
          "runtime.win-arm64.runtime.native.System.Data.SqlClient.sni": "4.4.0",
          "runtime.win-x64.runtime.native.System.Data.SqlClient.sni": "4.4.0",
          "runtime.win-x86.runtime.native.System.Data.SqlClient.sni": "4.4.0"
        }
      },
      "runtime.win-arm64.runtime.native.System.Data.SqlClient.sni": {
        "type": "Transitive",
        "resolved": "4.4.0",
        "contentHash": "LbrynESTp3bm5O/+jGL8v0Qg5SJlTV08lpIpFesXjF6uGNMWqFnUQbYBJwZTeua6E/Y7FIM1C54Ey1btLWupdg=="
      },
      "runtime.win-x64.runtime.native.System.Data.SqlClient.sni": {
        "type": "Transitive",
        "resolved": "4.4.0",
        "contentHash": "38ugOfkYJqJoX9g6EYRlZB5U2ZJH51UP8ptxZgdpS07FgOEToV+lS11ouNK2PM12Pr6X/PpT5jK82G3DwH/SxQ=="
      },
      "runtime.win-x86.runtime.native.System.Data.SqlClient.sni": {
        "type": "Transitive",
        "resolved": "4.4.0",
        "contentHash": "YhEdSQUsTx+C8m8Bw7ar5/VesXvCFMItyZF7G1AUY+OM0VPZUOeAVpJ4Wl6fydBGUYZxojTDR3I6Bj/+BPkJNA=="
      },
      "SkiaSharp": {
        "type": "Transitive",
        "resolved": "3.116.1",
        "contentHash": "DNDwbRjP+aMo27dV2h/uHCVTcWubWWxHnPLiePNyl24f4Pv43mQ8AQQeseOrKR+J3AOCEs6t0sUjo0aa3j3RWQ==",
        "dependencies": {
          "SkiaSharp.NativeAssets.Win32": "3.116.1",
          "SkiaSharp.NativeAssets.macOS": "3.116.1"
        }
      },
      "SkiaSharp.HarfBuzz": {
        "type": "Transitive",
        "resolved": "3.116.1",
        "contentHash": "ibDG1+quN86vBd9ztjDAC9wnvS1nRZ6ydTUOSod4NsRHWdLLGzWYn1IOF4Cg9iJh5cQHdpzhUZBQE0JMKznrow==",
        "dependencies": {
          "HarfBuzzSharp": "8.3.0.1",
          "SkiaSharp": "3.116.1"
        }
      },
      "SkiaSharp.NativeAssets.macOS": {
        "type": "Transitive",
        "resolved": "3.116.1",
        "contentHash": "3KPvpKysDmEMt0NnAZPX5U6KFk0LmG/72/IjAIJemIksIZ0Tjs9pGpr3L+zboVCv1MLVoJLKl3nJDXUG6Jda6A=="
      },
      "SkiaSharp.NativeAssets.Win32": {
        "type": "Transitive",
        "resolved": "3.116.1",
        "contentHash": "dRQ75MCI8oz6zAs2Y1w6pq6ARs4MhdNG+gf3doOxOxdnueDXffQLGQIxON54GDoxc0WjKOoHMKBR4DhaduwwQw=="
      },
      "SkiaSharp.Views.Desktop.Common": {
        "type": "Transitive",
        "resolved": "3.116.1",
        "contentHash": "/ZDg00zVgjN/N5ghDCnP0+9TfOSmMZkMtnoQpaigsBc4Ghg9Qe+iimZuA5nrEWgaygW64LnVan+p8T1wDtS+kQ==",
        "dependencies": {
          "SkiaSharp": "3.116.1"
        }
      },
      "Syncfusion.Chart.Base": {
        "type": "Transitive",
        "resolved": "26.1.42",
        "contentHash": "z7uS6dmrb/JluwynpRr7TSFU8y0ObT/unc++EPdhhgX9+m1LT0j7rAJ5izhX5f7NkSBSY9fSkM+In2+Y5FQX1w==",
        "dependencies": {
          "Syncfusion.Licensing": "26.1.42",
          "Syncfusion.Shared.Base": "26.1.42"
        }
      },
      "Syncfusion.Core.WinForms": {
        "type": "Transitive",
        "resolved": "26.1.42",
        "contentHash": "CM/1fFoaoiab3IbV//6QXus8BASKRlVsalr5Ht4xgf4DzTneCXIrldWCvzVvVeur8XR5CwU80hNoWZLx5rqLvw==",
        "dependencies": {
          "Microsoft.WinForms.Designer.SDK": "1.6.0",
          "Syncfusion.Licensing": "26.1.42",
          "Syncfusion.Shared.Base": "26.1.42"
        }
      },
      "Syncfusion.Data.WinForms": {
        "type": "Transitive",
        "resolved": "26.1.42",
        "contentHash": "CUKp+u/svJYn40UCW98vCUvFnVKioBdwue5zcpiYM51Z9sAXrXXivFZlFRM5tr+L3X44RtOS9qh330ooaGRnrw=="
      },
      "Syncfusion.DataSource.WinForms": {
        "type": "Transitive",
        "resolved": "26.1.42",
        "contentHash": "3nt0ooSE0JabUptRiyzwA7onRBpqcTaECcGnwOYhdCwYutXqP6CzAtMspNawBqWL67Jho2rP9nLAhYleupoNoA=="
      },
      "Syncfusion.Grid.Windows": {
        "type": "Transitive",
        "resolved": "26.1.42",
        "contentHash": "kjF9XxRIOXp/L7Jy3YymTUYotn9nfQCihnu2vG85TJPkSExNriDJJPGUfQvAFoN2ue6pkLrew+3+tYpSUprC2g==",
        "dependencies": {
          "Microsoft.WinForms.Designer.SDK": "1.6.0",
          "Syncfusion.Licensing": "26.1.42",
          "Syncfusion.Shared.Base": "26.1.42",
          "Syncfusion.Shared.Windows": "26.1.42"
        }
      },
      "Syncfusion.GridCommon.WinForms": {
        "type": "Transitive",
        "resolved": "26.1.42",
        "contentHash": "X1S/oUo4s99GYI0RUqPMm5OI8OTr1O7HcEpSTuCraVT4kiFEe1bz31EJMxJNAQ6Ce1yKzza+P3v9LuOAmABo8g=="
      },
      "Syncfusion.Grouping.Base": {
        "type": "Transitive",
        "resolved": "26.1.42",
        "contentHash": "R18yRXNc67YvqaDVWWGrYHt9vYozu2ffJzADbrz9JHyVfspeqBZ4RiBQjrrEg/tVVSucQ8GjrSyLfya7NAgCMg==",
        "dependencies": {
          "Syncfusion.Licensing": "26.1.42",
          "Syncfusion.Shared.Base": "26.1.42"
        }
      },
      "Syncfusion.Licensing": {
        "type": "Transitive",
        "resolved": "26.1.42",
        "contentHash": "WkmHI0+TnRDLxD1jyDcdVMK5RjsxG/mm/jb4jNwlttg7wkG3fub3qmQgyj1y1FJGqiqD+1VPP4I93FROGlMvKg=="
      },
      "Syncfusion.SfInput.WinForms": {
        "type": "Transitive",
        "resolved": "26.1.42",
        "contentHash": "XS+c2RkxS9Zxirh2Ncz5KpPSUSw3QpIuM4nRXERjbFCvQyhQDk+GO1vfDftbwHCgBFKKD1/2IzelpizDrKtpoQ==",
        "dependencies": {
          "Microsoft.WinForms.Designer.SDK": "1.6.0",
          "Syncfusion.Core.WinForms": "26.1.42",
          "Syncfusion.Licensing": "26.1.42",
          "Syncfusion.Shared.Base": "26.1.42"
        }
      },
      "Syncfusion.SfListView.WinForms": {
        "type": "Transitive",
        "resolved": "26.1.42",
        "contentHash": "qFdojfIdA9cEi8+mfLe0Brh5Dw6Yxt90IXjPGII4oApYluY3dlELyWSkGfmQUfhczqwWh15niWCrbPTbllKlvQ==",
        "dependencies": {
          "Syncfusion.Core.WinForms": "26.1.42",
          "Syncfusion.DataSource.WinForms": "26.1.42",
          "Syncfusion.GridCommon.WinForms": "26.1.42",
          "Syncfusion.Licensing": "26.1.42",
          "Syncfusion.Shared.Base": "26.1.42"
        }
      },
      "Syncfusion.Shared.Base": {
        "type": "Transitive",
        "resolved": "26.1.42",
        "contentHash": "HjjHvGLWMJsPBQNFKqP6YCTDO1rPVKrippDLxoMYIcZcTJ+3KQfGAVxQWt2U9klwLlANSur7d72TM6FdJIpijQ==",
        "dependencies": {
          "Microsoft.WinForms.Designer.SDK": "1.6.0",
          "Syncfusion.Licensing": "26.1.42"
        }
      },
      "Syncfusion.Shared.Windows": {
        "type": "Transitive",
        "resolved": "26.1.42",
        "contentHash": "R4ZFfM3EZqMAfQpo/2pS3cpm99OdH+HVnPs5BM7ROZTvlAaN6WFJzRO+0a9iXdGQGRddA9Hq06w/mwcCSsYlOg==",
        "dependencies": {
          "Syncfusion.Licensing": "26.1.42",
          "Syncfusion.Shared.Base": "26.1.42"
        }
      },
      "Syncfusion.SpellChecker.Base": {
        "type": "Transitive",
        "resolved": "26.1.42",
        "contentHash": "YUp0VhOUWWcrDEDW4yTpmLaU3KG4ph9/4ITndOIw/X2IK7yAjG31WXKEVpbC4JQGBwmuEqQ5ogVuo4DVTEqigg==",
        "dependencies": {
          "Syncfusion.Licensing": "26.1.42"
        }
      },
      "Syncfusion.Tools.Base": {
        "type": "Transitive",
        "resolved": "26.1.42",
        "contentHash": "+K8aVB2l+rvvln4AaaLkNmhSVb81zyUPpFSCMGcTl18OSv9DgW7vk/Bna4C25mrRvdG2hBRJruyogz5HANQw+A==",
        "dependencies": {
          "Syncfusion.Licensing": "26.1.42",
          "Syncfusion.Shared.Base": "26.1.42"
        }
      },
      "System.CodeDom": {
        "type": "Transitive",
        "resolved": "4.6.0",
        "contentHash": "ArWGZOxPhOaJUd4YgvbTxGZDbVDJHPAOQNiJIpbRDPW6v2NT5xkallQv1zpu8Rwwb5Z3iZ1jwWA4gSQuWgR+jw=="
      },
      "System.Composition": {
        "type": "Transitive",
        "resolved": "6.0.0",
        "contentHash": "d7wMuKQtfsxUa7S13tITC8n1cQzewuhD5iDjZtK2prwFfKVzdYtgrTHgjaV03Zq7feGQ5gkP85tJJntXwInsJA==",
        "dependencies": {
          "System.Composition.AttributedModel": "6.0.0",
          "System.Composition.Convention": "6.0.0",
          "System.Composition.Hosting": "6.0.0",
          "System.Composition.Runtime": "6.0.0",
          "System.Composition.TypedParts": "6.0.0"
        }
      },
      "System.Composition.AttributedModel": {
        "type": "Transitive",
        "resolved": "6.0.0",
        "contentHash": "WK1nSDLByK/4VoC7fkNiFuTVEiperuCN/Hyn+VN30R+W2ijO1d0Z2Qm0ScEl9xkSn1G2MyapJi8xpf4R8WRa/w=="
      },
      "System.Composition.Convention": {
        "type": "Transitive",
        "resolved": "6.0.0",
        "contentHash": "XYi4lPRdu5bM4JVJ3/UIHAiG6V6lWWUlkhB9ab4IOq0FrRsp0F4wTyV4Dj+Ds+efoXJ3qbLqlvaUozDO7OLeXA==",
        "dependencies": {
          "System.Composition.AttributedModel": "6.0.0"
        }
      },
      "System.Composition.Hosting": {
        "type": "Transitive",
        "resolved": "6.0.0",
        "contentHash": "w/wXjj7kvxuHPLdzZ0PAUt++qJl03t7lENmb2Oev0n3zbxyNULbWBlnd5J5WUMMv15kg5o+/TCZFb6lSwfaUUQ==",
        "dependencies": {
          "System.Composition.Runtime": "6.0.0"
        }
      },
      "System.Composition.Runtime": {
        "type": "Transitive",
        "resolved": "6.0.0",
        "contentHash": "qkRH/YBaMPTnzxrS5RDk1juvqed4A6HOD/CwRcDGyPpYps1J27waBddiiq1y93jk2ZZ9wuA/kynM+NO0kb3PKg=="
      },
      "System.Composition.TypedParts": {
        "type": "Transitive",
        "resolved": "6.0.0",
        "contentHash": "iUR1eHrL8Cwd82neQCJ00MpwNIBs4NZgXzrPqx8NJf/k4+mwBO0XCRmHYJT4OLSwDDqh5nBLJWkz5cROnrGhRA==",
        "dependencies": {
          "System.Composition.AttributedModel": "6.0.0",
          "System.Composition.Hosting": "6.0.0",
          "System.Composition.Runtime": "6.0.0"
        }
      },
      "System.Security.AccessControl": {
        "type": "Transitive",
        "resolved": "4.7.0",
        "contentHash": "JECvTt5aFF3WT3gHpfofL2MNNP6v84sxtXxpqhLBCcDRzqsPBmHhQ6shv4DwwN2tRlzsUxtb3G9M3763rbXKDg==",
        "dependencies": {
          "Microsoft.NETCore.Platforms": "3.1.0",
          "System.Security.Principal.Windows": "4.7.0"
        }
      },
      "System.Security.Principal.Windows": {
        "type": "Transitive",
        "resolved": "4.7.0",
        "contentHash": "ojD0PX0XhneCsUbAZVKdb7h/70vyYMDYs85lwEI+LngEONe/17A0cFaRFqZU+sOEidcVswYWikYOQ9PPfjlbtQ=="
      }
    }
  }
}