{
  "version": 1,
  "dependencies": {
    "net8.0-windows7.0": {
      "LiveChartsCore.SkiaSharpView.WinForms": {
        "type": "Direct",
        "requested": "[2.0.0-rc5.4, )",
        "resolved": "2.0.0-rc5.4",
        "contentHash": "620/ZcHt4gaDfeAjKd/dWc9TJvBwku+A5Go8dbEKyAZCCW1x4o2IpNf2RvnYw3El6aDCcPtQMd9YIEw8fEhS2g==",
        "dependencies": {
          "LiveChartsCore.SkiaSharpView": "2.0.0-rc5.4",
          "SkiaSharp.HarfBuzz": "3.116.1",
          "SkiaSharp.Views.WindowsForms": "3.116.1"
        }
      },
      "SkiaSharp.Views.WindowsForms": {
        "type": "Direct",
        "requested": "[3.116.1, )",
        "resolved": "3.116.1",
        "contentHash": "0Xa0oOQ0OE2A/mYQJGmQD0a4OBUpqdBwmnKATLdK57L/NRkVqe0jmNvhCscAz48P88hJQsJJ+UrMHRJ/Pl+yMA==",
        "dependencies": {
          "OpenTK": "3.1.0",
          "OpenTK.GLControl": "3.1.0",
          "SkiaSharp": "3.116.1",
          "SkiaSharp.Views.Desktop.Common": "3.116.1"
        }
      },
      "HarfBuzzSharp": {
        "type": "Transitive",
        "resolved": "8.3.0.1",
        "contentHash": "rwLpl+W6uqu0DuvzqNhTMuFcXfy1Vc0uq0YXgPEmtTSfeUSAye1FcARrm2YIPOSiCBwBOGu3cLvMX5Fp6OKe2g==",
        "dependencies": {
          "HarfBuzzSharp.NativeAssets.Win32": "8.3.0.1",
          "HarfBuzzSharp.NativeAssets.macOS": "8.3.0.1"
        }
      },
      "HarfBuzzSharp.NativeAssets.macOS": {
        "type": "Transitive",
        "resolved": "8.3.0.1",
        "contentHash": "2o6U05LAmK+rwX7TvmJ2X0anXJG2hSE7kHVmCshhHy0tKfByJ5ykBacvhmmooHchlOwq15KBZeROGafCT8nN+g=="
      },
      "HarfBuzzSharp.NativeAssets.Win32": {
        "type": "Transitive",
        "resolved": "8.3.0.1",
        "contentHash": "ow0DtGEUjo65qhiI22of7qiVbN1xDFsZ5P5xJljRmGZ5WSxNy+1batLNJFGxahqhB1MTHYV8kAXf0GqC8WaevQ=="
      },
      "LiveChartsCore": {
        "type": "Transitive",
        "resolved": "2.0.0-rc5.4",
        "contentHash": "1hEEvMndEP5urodx+Epu2lwvJr0ZG246FR7jMYtE9/snYwbUKoItq6a4cTzyeyFPi9fcBsjtgwAWA8uL/2s73g=="
      },
      "LiveChartsCore.SkiaSharpView": {
        "type": "Transitive",
        "resolved": "2.0.0-rc5.4",
        "contentHash": "lpylapUJHvAagM4pmcwCvx3ObfL2FlITtI0u8LkKlLEnzhJYg17Tcxcgd6R/mItQlCdICG0PFDVNUDnZEwhFuw==",
        "dependencies": {
          "LiveChartsCore": "2.0.0-rc5.4",
          "SkiaSharp": "2.88.9",
          "SkiaSharp.HarfBuzz": "2.88.9"
        }
      },
      "OpenTK": {
        "type": "Transitive",
        "resolved": "3.1.0",
        "contentHash": "xoP5kb81lRSY5RzbntaFA9yXK+aGF5SLShhns55MyZtxtNafIxRH5KvRTFss/N653brTzE+AfepjKsbMexYlBQ=="
      },
      "OpenTK.GLControl": {
        "type": "Transitive",
        "resolved": "3.1.0",
        "contentHash": "BjDzF+MhJd2LaZYzkXmgkzzXgHAko/Iur4rGy6+DPdZA1Jcc0X6jXZ6QsUsjlLRNzgevO7uAj2h1TqX7sguaYg==",
        "dependencies": {
          "OpenTK": "3.1.0"
        }
      },
      "SkiaSharp": {
        "type": "Transitive",
        "resolved": "3.116.1",
        "contentHash": "DNDwbRjP+aMo27dV2h/uHCVTcWubWWxHnPLiePNyl24f4Pv43mQ8AQQeseOrKR+J3AOCEs6t0sUjo0aa3j3RWQ==",
        "dependencies": {
          "SkiaSharp.NativeAssets.Win32": "3.116.1",
          "SkiaSharp.NativeAssets.macOS": "3.116.1"
        }
      },
      "SkiaSharp.HarfBuzz": {
        "type": "Transitive",
        "resolved": "3.116.1",
        "contentHash": "ibDG1+quN86vBd9ztjDAC9wnvS1nRZ6ydTUOSod4NsRHWdLLGzWYn1IOF4Cg9iJh5cQHdpzhUZBQE0JMKznrow==",
        "dependencies": {
          "HarfBuzzSharp": "8.3.0.1",
          "SkiaSharp": "3.116.1"
        }
      },
      "SkiaSharp.NativeAssets.macOS": {
        "type": "Transitive",
        "resolved": "3.116.1",
        "contentHash": "3KPvpKysDmEMt0NnAZPX5U6KFk0LmG/72/IjAIJemIksIZ0Tjs9pGpr3L+zboVCv1MLVoJLKl3nJDXUG6Jda6A=="
      },
      "SkiaSharp.NativeAssets.Win32": {
        "type": "Transitive",
        "resolved": "3.116.1",
        "contentHash": "dRQ75MCI8oz6zAs2Y1w6pq6ARs4MhdNG+gf3doOxOxdnueDXffQLGQIxON54GDoxc0WjKOoHMKBR4DhaduwwQw=="
      },
      "SkiaSharp.Views.Desktop.Common": {
        "type": "Transitive",
        "resolved": "3.116.1",
        "contentHash": "/ZDg00zVgjN/N5ghDCnP0+9TfOSmMZkMtnoQpaigsBc4Ghg9Qe+iimZuA5nrEWgaygW64LnVan+p8T1wDtS+kQ==",
        "dependencies": {
          "SkiaSharp": "3.116.1"
        }
      }
    }
  }
}